
Microsoft Visual Studio Solution File, Format Version 12.00
# Visual Studio 2013
VisualStudioVersion = 12.0.21005.1
MinimumVisualStudioVersion = 10.0.40219.1
Project("{FAE04EC0-301F-11D3-BF4B-00C04F79EFBC}") = "DB", "DB\DB.csproj", "{FBDA5FBC-5F0C-423C-96A0-776A552AA144}"
EndProject
Project("{FAE04EC0-301F-11D3-BF4B-00C04F79EFBC}") = "CommonAppPoco", "CommonAppPoco\CommonAppPoco.csproj", "{290B9D8A-DE9D-4CA2-9059-B91B5EB33528}"
EndProject
Project("{FAE04EC0-301F-11D3-BF4B-00C04F79EFBC}") = "DataAccessRepository", "DataAccess\DataAccessRepository.csproj", "{642D262F-1C50-45BB-AD4E-CE8AD34FF341}"
EndProject
Project("{2150E333-8FDC-42A3-9474-1A3956D46DE8}") = "Data Access Layer", "Data Access Layer", "{71F5E0BF-853F-45F0-A7FF-6A046D80AD38}"
EndProject
Project("{FAE04EC0-301F-11D3-BF4B-00C04F79EFBC}") = "RepositoryInterfaces", "RepositoryInterfaces\RepositoryInterfaces.csproj", "{FA65E11F-3085-45CC-9D5C-9A234A6F53DB}"
EndProject
Project("{2150E333-8FDC-42A3-9474-1A3956D46DE8}") = "PresentationLayer", "PresentationLayer", "{5F710B8F-39E1-49D1-9D34-A2F2D52ADA69}"
EndProject
Project("{FAE04EC0-301F-11D3-BF4B-00C04F79EFBC}") = "Habsons.Web", "Habsons.Web\Habsons.Web.csproj", "{20C5E516-A459-45E8-9E18-213BC5182506}"
EndProject
Project("{2150E333-8FDC-42A3-9474-1A3956D46DE8}") = "WebAPI", "WebAPI", "{16F9C568-FB37-4065-A742-BE16B58CE3EC}"
EndProject
Project("{FAE04EC0-301F-11D3-BF4B-00C04F79EFBC}") = "Habsons.WebAPI", "Habsons.WebAPI\Habsons.WebAPI.csproj", "{63E38B60-2BF2-4649-835D-F648D22EEA9B}"
EndProject
Global
	GlobalSection(SolutionConfigurationPlatforms) = preSolution
		Debug|Any CPU = Debug|Any CPU
		Release|Any CPU = Release|Any CPU
	EndGlobalSection
	GlobalSection(ProjectConfigurationPlatforms) = postSolution
		{FBDA5FBC-5F0C-423C-96A0-776A552AA144}.Debug|Any CPU.ActiveCfg = Debug|Any CPU
		{FBDA5FBC-5F0C-423C-96A0-776A552AA144}.Debug|Any CPU.Build.0 = Debug|Any CPU
		{FBDA5FBC-5F0C-423C-96A0-776A552AA144}.Release|Any CPU.ActiveCfg = Release|Any CPU
		{FBDA5FBC-5F0C-423C-96A0-776A552AA144}.Release|Any CPU.Build.0 = Release|Any CPU
		{290B9D8A-DE9D-4CA2-9059-B91B5EB33528}.Debug|Any CPU.ActiveCfg = Debug|Any CPU
		{290B9D8A-DE9D-4CA2-9059-B91B5EB33528}.Debug|Any CPU.Build.0 = Debug|Any CPU
		{290B9D8A-DE9D-4CA2-9059-B91B5EB33528}.Release|Any CPU.ActiveCfg = Release|Any CPU
		{290B9D8A-DE9D-4CA2-9059-B91B5EB33528}.Release|Any CPU.Build.0 = Release|Any CPU
		{642D262F-1C50-45BB-AD4E-CE8AD34FF341}.Debug|Any CPU.ActiveCfg = Debug|Any CPU
		{642D262F-1C50-45BB-AD4E-CE8AD34FF341}.Debug|Any CPU.Build.0 = Debug|Any CPU
		{642D262F-1C50-45BB-AD4E-CE8AD34FF341}.Release|Any CPU.ActiveCfg = Release|Any CPU
		{642D262F-1C50-45BB-AD4E-CE8AD34FF341}.Release|Any CPU.Build.0 = Release|Any CPU
		{FA65E11F-3085-45CC-9D5C-9A234A6F53DB}.Debug|Any CPU.ActiveCfg = Debug|Any CPU
		{FA65E11F-3085-45CC-9D5C-9A234A6F53DB}.Debug|Any CPU.Build.0 = Debug|Any CPU
		{FA65E11F-3085-45CC-9D5C-9A234A6F53DB}.Release|Any CPU.ActiveCfg = Release|Any CPU
		{FA65E11F-3085-45CC-9D5C-9A234A6F53DB}.Release|Any CPU.Build.0 = Release|Any CPU
		{20C5E516-A459-45E8-9E18-213BC5182506}.Debug|Any CPU.ActiveCfg = Debug|Any CPU
		{20C5E516-A459-45E8-9E18-213BC5182506}.Debug|Any CPU.Build.0 = Debug|Any CPU
		{20C5E516-A459-45E8-9E18-213BC5182506}.Release|Any CPU.ActiveCfg = Release|Any CPU
		{20C5E516-A459-45E8-9E18-213BC5182506}.Release|Any CPU.Build.0 = Release|Any CPU
		{63E38B60-2BF2-4649-835D-F648D22EEA9B}.Debug|Any CPU.ActiveCfg = Debug|Any CPU
		{63E38B60-2BF2-4649-835D-F648D22EEA9B}.Debug|Any CPU.Build.0 = Debug|Any CPU
		{63E38B60-2BF2-4649-835D-F648D22EEA9B}.Release|Any CPU.ActiveCfg = Release|Any CPU
		{63E38B60-2BF2-4649-835D-F648D22EEA9B}.Release|Any CPU.Build.0 = Release|Any CPU
	EndGlobalSection
	GlobalSection(SolutionProperties) = preSolution
		HideSolutionNode = FALSE
	EndGlobalSection
	GlobalSection(NestedProjects) = preSolution
		{642D262F-1C50-45BB-AD4E-CE8AD34FF341} = {71F5E0BF-853F-45F0-A7FF-6A046D80AD38}
		{FBDA5FBC-5F0C-423C-96A0-776A552AA144} = {71F5E0BF-853F-45F0-A7FF-6A046D80AD38}
		{FA65E11F-3085-45CC-9D5C-9A234A6F53DB} = {71F5E0BF-853F-45F0-A7FF-6A046D80AD38}
		{20C5E516-A459-45E8-9E18-213BC5182506} = {5F710B8F-39E1-49D1-9D34-A2F2D52ADA69}
		{63E38B60-2BF2-4649-835D-F648D22EEA9B} = {16F9C568-FB37-4065-A742-BE16B58CE3EC}
	EndGlobalSection
EndGlobal
